
Microsoft Visual Studio Solution File, Format Version 12.00
# Visual Studio 15
VisualStudioVersion = 15.0.27004.2008
MinimumVisualStudioVersion = 10.0.40219.1
Project("{8BC9CEB8-8B4A-11D0-8D11-00A0C91BC942}") = "NeuralNetwork_NumOCR", "NeuralNetwork_NumOCR\NeuralNetwork_NumOCR.vcxproj", "{5514CAF4-D9FE-4F29-92CE-55ADF932A6BB}"
EndProject
Global
	GlobalSection(SolutionConfigurationPlatforms) = preSolution
		Debug|x64 = Debug|x64
		Debug|x86 = Debug|x86
		Release|x64 = Release|x64
		Release|x86 = Release|x86
	EndGlobalSection
	GlobalSection(ProjectConfigurationPlatforms) = postSolution
		{5514CAF4-D9FE-4F29-92CE-55ADF932A6BB}.Debug|x64.ActiveCfg = Debug|x64
		{5514CAF4-D9FE-4F29-92CE-55ADF932A6BB}.Debug|x64.Build.0 = Debug|x64
		{5514CAF4-D9FE-4F29-92CE-55ADF932A6BB}.Debug|x86.ActiveCfg = Debug|Win32
		{5514CAF4-D9FE-4F29-92CE-55ADF932A6BB}.Debug|x86.Build.0 = Debug|Win32
		{5514CAF4-D9FE-4F29-92CE-55ADF932A6BB}.Release|x64.ActiveCfg = Release|x64
		{5514CAF4-D9FE-4F29-92CE-55ADF932A6BB}.Release|x64.Build.0 = Release|x64
		{5514CAF4-D9FE-4F29-92CE-55ADF932A6BB}.Release|x86.ActiveCfg = Release|Win32
		{5514CAF4-D9FE-4F29-92CE-55ADF932A6BB}.Release|x86.Build.0 = Release|Win32
	EndGlobalSection
	GlobalSection(SolutionProperties) = preSolution
		HideSolutionNode = FALSE
	EndGlobalSection
	GlobalSection(ExtensibilityGlobals) = postSolution
		SolutionGuid = {F9403762-BB1F-47F1-A55D-C41FBB303549}
	EndGlobalSection
EndGlobal
